hash: 1b936bd7e07d6b807e0b33228f5771e0ecfac5957ccb51c04cfa1f2e88ccfe1e
updated: 2022-01-31T19:07:17.468684-05:00
imports:
- name: github.com/onsi/ginkgo
  version: 5e1988c7277794f18afffc0b7903d6b2ed063a48
  subpackages:
  - v2
- name: github.com/onsi/gomega
  version: d01bc22577e88a1c7afa2448e81ee8e43a598d28
testImports: []
